
Microsoft Visual Studio Solution File, Format Version 12.00
# Visual Studio Version 17
VisualStudioVersion = 17.8.34408.163
MinimumVisualStudioVersion = 10.0.40219.1
Project("{FAE04EC0-301F-11D3-BF4B-00C04F79EFBC}") = "FacultyManagement", "FacultyManagement\FacultyManagement.csproj", "{5ED06F9E-E838-474F-8FA9-83CADE2A09E4}"
EndProject
Global
	GlobalSection(SolutionConfigurationPlatforms) = preSolution
		Debug|Any CPU = Debug|Any CPU
		Release|Any CPU = Release|Any CPU
	EndGlobalSection
	GlobalSection(ProjectConfigurationPlatforms) = postSolution
		{5ED06F9E-E838-474F-8FA9-83CADE2A09E4}.Debug|Any CPU.ActiveCfg = Debug|Any CPU
		{5ED06F9E-E838-474F-8FA9-83CADE2A09E4}.Debug|Any CPU.Build.0 = Debug|Any CPU
		{5ED06F9E-E838-474F-8FA9-83CADE2A09E4}.Release|Any CPU.ActiveCfg = Release|Any CPU
		{5ED06F9E-E838-474F-8FA9-83CADE2A09E4}.Release|Any CPU.Build.0 = Release|Any CPU
	EndGlobalSection
	GlobalSection(SolutionProperties) = preSolution
		HideSolutionNode = FALSE
	EndGlobalSection
	GlobalSection(ExtensibilityGlobals) = postSolution
		SolutionGuid = {0A48097B-70FE-4F9C-838F-C90E7F5CA250}
	EndGlobalSection
EndGlobal
